
Microsoft Visual Studio Solution File, Format Version 12.00
# Visual Studio Version 17
VisualStudioVersion = 17.6.33829.357
MinimumVisualStudioVersion = 10.0.40219.1
Project("{FAE04EC0-301F-11D3-BF4B-00C04F79EFBC}") = "calcula-ranckeadas", "calcula-ranckeadas\calcula-ranckeadas.csproj", "{029BDC01-F4EF-480D-9845-EBEBEC50EA49}"
EndProject
Global
	GlobalSection(SolutionConfigurationPlatforms) = preSolution
		Debug|Any CPU = Debug|Any CPU
		Release|Any CPU = Release|Any CPU
	EndGlobalSection
	GlobalSection(ProjectConfigurationPlatforms) = postSolution
		{029BDC01-F4EF-480D-9845-EBEBEC50EA49}.Debug|Any CPU.ActiveCfg = Debug|Any CPU
		{029BDC01-F4EF-480D-9845-EBEBEC50EA49}.Debug|Any CPU.Build.0 = Debug|Any CPU
		{029BDC01-F4EF-480D-9845-EBEBEC50EA49}.Release|Any CPU.ActiveCfg = Release|Any CPU
		{029BDC01-F4EF-480D-9845-EBEBEC50EA49}.Release|Any CPU.Build.0 = Release|Any CPU
	EndGlobalSection
	GlobalSection(SolutionProperties) = preSolution
		HideSolutionNode = FALSE
	EndGlobalSection
	GlobalSection(ExtensibilityGlobals) = postSolution
		SolutionGuid = {FEB84176-820A-435E-9638-A1F090C1375C}
	EndGlobalSection
EndGlobal
